accenture-student-leadership
akuna-capital-sophomore-trading
alliancebernstein-summer
american-economic-association-aea-summer-training
analysis-group-sophomore-analyst
bain-company-bel-on-case
baker-hughes-finance-fmp
blackrock-sophomore-future-analyst
blackstone-future-women-leaders
boston-consulting-group-growing-future-leaders
bp-commercial-energy-trading
brookings-institution-research-economic-studies
calpine-finance
capital-group-associate
castleton-commodities-cci-commercial-trading
castleton-commodities-cci-data-science-technology
castleton-commodities-cci-merchant-operations-finance
centerpoint-energy-finance
charles-river-associates-cra-analyst
cheniere-energy-commercial-finance
chevron-finance-commercial
citadel-securities-discover-sophomore-trading
conocophillips-spirit-commercial-finance
cornerstone-research-sophomore-analyst
council-on-foreign-relations-greenberg-center-geoeconomic
d-e-shaw-discovery-affinity
deloitte-discovery
dimensional-fund-advisors-summer
drw-sophomore
edf-trading-north-america-commercial-summer
enterprise-products-finance
eog-resources-finance-commercial
exxonmobil-business-commercial-summer
ey-parthenon-emerging-leaders
ey-summer-leadership-launch
federal-reserve-bank-of-dallas-research-data-analyst
federal-reserve-bank-of-new-york-research-statistics-summer
federal-reserve-bank-of-ny-sophomore-career-exploration
federal-reserve-board-of-governors-research-assistant-research
fidelity-investments-summer-analyst-sophomore
glencore-commercial
gunvor-trading
halliburton-finance
hudson-river-trading-inside-hrt-underclassmen
imc-trading-first-year-sophomore
invesco-summer-investments-finance
jane-street-first-year-trading
kearney-sophomore-first-year
kinder-morgan-finance
koch-supply-trading-commercial-trading
kpmg-embark-scholars-rise
l-e-k-consulting-sophomore-insight
macquarie-group-commodities-global-markets
mckinsey-company-achievement-award-freshman
mercuria-trading
millennium-management-meet-millennium-sophomore
musket-corp-love-s-trading-commodities
nera-economic-consulting-analyst
nrg-energy-finance-commercial
nyc-comptroller-s-office-bureau-budget-economic
nyc-economic-development-corporation-summer-economic-research
nyc-office-of-management-and-budget-summer-college-economic
nyu-college-of-arts-science-dean-s-undergraduate
occidental-oxy-finance-marketing-trading
oliver-wyman-first-year-immersion
optiver-sophomore-trading
phillips-66-finance-commercial
pimco-sophomore-early-insight
plains-all-american-finance
point72-academy-sophomore-insight
predoc-opportunities-board-ra
pwc-elevate
resources-for-the-future-rff-summer-research
shell-commercial-trading-assessed
slb-schlumberger-finance
state-street-sophomore-early
strategy-pwc-sophomore-early-insight
susquehanna-sig-sophomore-trading
t-rowe-price-summer
targa-resources-finance-commercial
the-brattle-group-research-associate
trafigura-commercial-graduate
vanguard-sophomore-early-talent
vitol-commercial-trading
wellington-management-sophomore-early-insight
williams-finance
zs-associates-sophomore-early-insight
