accenture-student-leadership
actalent-allegis-group-sales-recruiting-field
aerotek-allegis-group-ascend-sales-recruiting
akuna-capital-sophomore-trading
alliancebernstein-summer
american-economic-association-aea-summer-training
american-express-sophomore-finance-summer
analysis-group-sophomore-analyst
arthur-j-gallagher-summer-hr-benefit
bain-company-bel-on-case
baker-hughes-finance-fmp
blackrock-sophomore-future-analyst
blackstone-future-women-leaders
boston-consulting-group-growing-future-leaders
bp-commercial-energy-trading
brookings-institution-research-economic-studies
calpine-finance
capital-group-associate
castleton-commodities-cci-commercial-trading
castleton-commodities-cci-data-science-technology
castleton-commodities-cci-merchant-operations-finance
centerpoint-energy-finance
charles-river-associates-cra-analyst
cheniere-energy-commercial-finance
chevron-finance-commercial
citadel-securities-discover-sophomore-trading
citi-early-id-leadership
cno-financial-group-reporting-analyst
conocophillips-human-resources
conocophillips-spirit-commercial-finance
constellation-energy-commercial
cornerstone-research-sophomore-analyst
council-on-foreign-relations-greenberg-center-geoeconomic
d-e-shaw-discovery-affinity
d-e-shaw-fundamental-research-analyst
deloitte-discovery
desri-d-e-shaw-renewable-investments-human-capital-recruiting
dimensional-fund-advisors-summer
drw-sophomore
edf-trading-north-america-commercial-summer
egon-zehnder-seasonal-analyst
enterprise-products-finance
eog-resources-finance-commercial
equinor-summer-finance-trading
exxonmobil-business-commercial-summer
ey-parthenon-emerging-leaders
ey-summer-leadership-launch
federal-reserve-bank-of-dallas-research-data-analyst
federal-reserve-bank-of-new-york-research-statistics-summer
federal-reserve-bank-of-ny-sophomore-career-exploration
federal-reserve-board-of-governors-research-assistant-research
fidelity-investments-summer-analyst-sophomore
freeport-lng-summer
glencore-commercial
goldman-sachs-emerging-leaders-series
gunvor-trading
h-e-b-human-resources
halliburton-finance
halliburton-human-resources-summer
heidrick-struggles-executive-search-summer
hudson-river-trading-inside-hrt-underclassmen
icapital-human-resources-summer
imc-trading-first-year-sophomore
insight-global-sales-recruiting-summer
invesco-summer-investments-finance
jane-street-first-year-trading
jpmorganchase-career-edyou-academy
jpmorganchase-fellowship-sophomore-summer
jpmorganchase-human-resources-analyst
kalshi-internships-rolling-no
kearney-sophomore-first-year
kinder-morgan-finance
koch-supply-trading-commercial-trading
korn-ferry-global-us-summer
kpmg-embark-scholars-rise
l-e-k-consulting-sophomore-insight
l-oreal-usa-summer-hr-undergraduate
macquarie-group-commodities-global-markets
mckinsey-company-achievement-award-freshman
memorial-hermann-health-system-summer-hr-track
mercer-marsh-mclennan-career-consulting-summer
mercuria-trading
millennium-management-2027-markets-products
millennium-management-meet-millennium-sophomore
msg-entertainment-student-associate-human
musket-corp-love-s-trading-commodities
nbcuniversal-hr-culture
nera-economic-consulting-analyst
new-york-life-finance-leadership-experience
new-york-life-human-resources-summer
nrg-energy-finance-commercial
nrg-energy-human-resources
nyc-comptroller-s-office-bureau-budget-economic
nyc-economic-development-corporation-summer-economic-research
nyc-office-of-management-and-budget-summer-college-economic
nyu-college-of-arts-science-dean-s-undergraduate
occidental-oxy-finance-marketing-trading
occidental-oxy-human-resources-summer
oliver-wyman-first-year-immersion
optiver-sophomore-trading
paramount-summer-human-resources
phillips-66-finance-commercial
phillips-66-human-resources-undergraduate
pimco-sophomore-early-insight
plains-all-american-finance
point72-academy-sophomore-insight
polymarket-summer-marketing-finance
predoc-opportunities-board-ra
pwc-elevate
resources-for-the-future-rff-summer-research
russell-reynolds-associates-summer-research-analyst
seo-career-finance-placement
shell-commercial-trading-assessed
slb-schlumberger-finance
slb-schlumberger-human-resources
spencer-stuart-analyst
state-street-sophomore-early
strategy-pwc-sophomore-early-insight
susquehanna-sig-sophomore-trading
sysco-human-resources-summer
t-rowe-price-summer
targa-resources-finance-commercial
teksystems-allegis-group-summer-recruiting
the-brattle-group-research-associate
tiktok-human-resources-global
tiktok-talent-acquisition-global
totalenergies-us-internships-trading
trafigura-commercial-graduate
vanguard-sophomore-early-talent
vitol-commercial-trading
warner-bros-discovery-summer-human-resources
wellington-management-sophomore-early-insight
williams-finance
zs-associates-sophomore-early-insight
